
Microsoft Visual Studio Solution File, Format Version 12.00
# Visual Studio Version 16
VisualStudioVersion = 16.0.31424.327
MinimumVisualStudioVersion = 10.0.40219.1
Project("{FAE04EC0-301F-11D3-BF4B-00C04F79EFBC}") = "Server_Chat", "Chat-Server\Server_Chat.csproj", "{9FED02A8-F52F-4749-8457-45B567A17AE6}"
EndProject
Global
	GlobalSection(SolutionConfigurationPlatforms) = preSolution
		Debug|Any CPU = Debug|Any CPU
		Release|Any CPU = Release|Any CPU
	EndGlobalSection
	GlobalSection(ProjectConfigurationPlatforms) = postSolution
		{9FED02A8-F52F-4749-8457-45B567A17AE6}.Debug|Any CPU.ActiveCfg = Debug|Any CPU
		{9FED02A8-F52F-4749-8457-45B567A17AE6}.Debug|Any CPU.Build.0 = Debug|Any CPU
		{9FED02A8-F52F-4749-8457-45B567A17AE6}.Release|Any CPU.ActiveCfg = Release|Any CPU
		{9FED02A8-F52F-4749-8457-45B567A17AE6}.Release|Any CPU.Build.0 = Release|Any CPU
	EndGlobalSection
	GlobalSection(SolutionProperties) = preSolution
		HideSolutionNode = FALSE
	EndGlobalSection
	GlobalSection(ExtensibilityGlobals) = postSolution
		SolutionGuid = {94BF85F4-9536-4FBB-9C44-54D460BAAD16}
	EndGlobalSection
EndGlobal
